
Microsoft Visual Studio Solution File, Format Version 12.00
# Visual Studio Version 16
VisualStudioVersion = 16.0.31105.61
MinimumVisualStudioVersion = 10.0.40219.1
Project("{9A19103F-16F7-4668-BE54-9A1E7A4F7556}") = "AvAp2", "AvAp2\AvAp2.csproj", "{5CFF0A97-A6A5-42D2-847A-3EC8364CFA2C}"
EndProject
Project("{2150E333-8FDC-42A3-9474-1A3956D46DE8}") = "Solution Items", "Solution Items", "{EF1349F1-0BE1-452F-A42C-2D282B687C25}"
	ProjectSection(SolutionItems) = preProject
		.editorconfig = .editorconfig
	EndProjectSection
EndProject
Project("{FAE04EC0-301F-11D3-BF4B-00C04F79EFBC}") = "MnemoElementsLibrary", "..\MnemoElementsLibrary\MnemoElementsLibrary.csproj", "{D383AC64-219C-48BA-ABAF-07411EB8C1FA}"
EndProject
Project("{FAE04EC0-301F-11D3-BF4B-00C04F79EFBC}") = "PanAndZoomTesting", "PanAndZoomTesting\PanAndZoomTesting.csproj", "{D38801D6-77FA-4FF9-8666-19DE0A0C5C58}"
EndProject
Project("{FAE04EC0-301F-11D3-BF4B-00C04F79EFBC}") = "StressTest", "StressTest\StressTest.csproj", "{529510D3-3D8A-42AF-8BEE-17D1094AA5DD}"
EndProject
Global
	GlobalSection(SolutionConfigurationPlatforms) = preSolution
		Debug|Any CPU = Debug|Any CPU
		Release|Any CPU = Release|Any CPU
	EndGlobalSection
	GlobalSection(ProjectConfigurationPlatforms) = postSolution
		{5CFF0A97-A6A5-42D2-847A-3EC8364CFA2C}.Debug|Any CPU.ActiveCfg = Debug|Any CPU
		{5CFF0A97-A6A5-42D2-847A-3EC8364CFA2C}.Debug|Any CPU.Build.0 = Debug|Any CPU
		{5CFF0A97-A6A5-42D2-847A-3EC8364CFA2C}.Release|Any CPU.ActiveCfg = Release|Any CPU
		{5CFF0A97-A6A5-42D2-847A-3EC8364CFA2C}.Release|Any CPU.Build.0 = Release|Any CPU
		{D383AC64-219C-48BA-ABAF-07411EB8C1FA}.Debug|Any CPU.ActiveCfg = Debug|Any CPU
		{D383AC64-219C-48BA-ABAF-07411EB8C1FA}.Debug|Any CPU.Build.0 = Debug|Any CPU
		{D383AC64-219C-48BA-ABAF-07411EB8C1FA}.Release|Any CPU.ActiveCfg = Release|Any CPU
		{D383AC64-219C-48BA-ABAF-07411EB8C1FA}.Release|Any CPU.Build.0 = Release|Any CPU
		{D38801D6-77FA-4FF9-8666-19DE0A0C5C58}.Debug|Any CPU.ActiveCfg = Debug|Any CPU
		{D38801D6-77FA-4FF9-8666-19DE0A0C5C58}.Debug|Any CPU.Build.0 = Debug|Any CPU
		{D38801D6-77FA-4FF9-8666-19DE0A0C5C58}.Release|Any CPU.ActiveCfg = Release|Any CPU
		{D38801D6-77FA-4FF9-8666-19DE0A0C5C58}.Release|Any CPU.Build.0 = Release|Any CPU
		{529510D3-3D8A-42AF-8BEE-17D1094AA5DD}.Debug|Any CPU.ActiveCfg = Debug|Any CPU
		{529510D3-3D8A-42AF-8BEE-17D1094AA5DD}.Debug|Any CPU.Build.0 = Debug|Any CPU
		{529510D3-3D8A-42AF-8BEE-17D1094AA5DD}.Release|Any CPU.ActiveCfg = Release|Any CPU
		{529510D3-3D8A-42AF-8BEE-17D1094AA5DD}.Release|Any CPU.Build.0 = Release|Any CPU
	EndGlobalSection
	GlobalSection(SolutionProperties) = preSolution
		HideSolutionNode = FALSE
	EndGlobalSection
	GlobalSection(ExtensibilityGlobals) = postSolution
		SolutionGuid = {2A659C7B-AE02-4AC7-B5FF-AAF6BD7F8C1E}
	EndGlobalSection
EndGlobal
